// !$*UTF8*$!
{
	archiveVersion = 1;
	classes = {
	};
	objectVersion = 46;
	objects = {

/* Begin PBXBuildFile section */
		592A0F951B87AF3F003F672D /* AppDelegate.swift in Sources */ = {isa = PBXBuildFile; fileRef = 592A0F941B87AF3F003F672D /* AppDelegate.swift */; };
		592A0F971B87AF3F003F672D /* ViewController.swift in Sources */ = {isa = PBXBuildFile; fileRef = 592A0F961B87AF3F003F672D /* ViewController.swift */; };
		592A0F9A1B87AF3F003F672D /* Main.storyboard in Resources */ = {isa = PBXBuildFile; fileRef = 592A0F981B87AF3F003F672D /* Main.storyboard */; };
		592A0F9C1B87AF3F003F672D /* Images.xcassets in Resources */ = {isa = PBXBuildFile; fileRef = 592A0F9B1B87AF3F003F672D /* Images.xcassets */; };
		592A0F9F1B87AF3F003F672D /* LaunchScreen.xib in Resources */ = {isa = PBXBuildFile; fileRef = 592A0F9D1B87AF3F003F672D /* LaunchScreen.xib */; };
		592A0FAB1B87AF3F003F672D /* ScrollViewsTests.swift in Sources */ = {isa = PBXBuildFile; fileRef = 592A0FAA1B87AF3F003F672D /* ScrollViewsTests.swift */; };
/* End PBXBuildFile section */

/* Begin PBXContainerItemProxy section */
		592A0FA51B87AF3F003F672D /* PBXContainerItemProxy */ = {
			isa = PBXContainerItemProxy;
			containerPortal = 592A0F871B87AF3F003F672D /* Project object */;
			proxyType = 1;
			remoteGlobalIDString = 592A0F8E1B87AF3F003F672D;
			remoteInfo = ScrollViews;
		};
/* End PBXContainerItemProxy section */

/* Begin PBXFileReference section */
		592A0F8F1B87AF3F003F672D /* ScrollViews.app */ = {isa = PBXFileReference; explicitFileType = wrapper.application; includeInIndex = 0; path = ScrollViews.app; sourceTree = BUILT_PRODUCTS_DIR; };
		592A0F931B87AF3F003F672D /* Info.plist */ = {isa = PBXFileReference; lastKnownFileType = text.plist.xml; path = Info.plist; sourceTree = "<group>"; };
		592A0F941B87AF3F003F672D /* AppDelegate.swift */ = {isa = PBXFileReference; lastKnownFileType = sourcecode.swift; path = AppDelegate.swift; sourceTree = "<group>"; };
		592A0F961B87AF3F003F672D /* ViewController.swift */ = {isa = PBXFileReference; lastKnownFileType = sourcecode.swift; path = ViewController.swift; sourceTree = "<group>"; };
		592A0F991B87AF3F003F672D /* Base */ = {isa = PBXFileReference; lastKnownFileType = file.storyboard; name = Base; path = Base.lproj/Main.storyboard; sourceTree = "<group>"; };
		592A0F9B1B87AF3F003F672D /* Images.xcassets */ = {isa = PBXFileReference; lastKnownFileType = folder.assetcatalog; path = Images.xcassets; sourceTree = "<group>"; };
		592A0F9E1B87AF3F003F672D /* Base */ = {isa = PBXFileReference; lastKnownFileType = file.xib; name = Base; path = Base.lproj/LaunchScreen.xib; sourceTree = "<group>"; };
		592A0FA41B87AF3F003F672D /* ScrollViewsTests.xctest */ = {isa = PBXFileReference; explicitFileType = wrapper.cfbundle; includeInIndex = 0; path = ScrollViewsTests.xctest; sourceTree = BUILT_PRODUCTS_DIR; };
		592A0FA91B87AF3F003F672D /* Info.plist */ = {isa = PBXFileReference; lastKnownFileType = text.plist.xml; path = Info.plist; sourceTree = "<group>"; };
		592A0FAA1B87AF3F003F672D /* ScrollViewsTests.swift */ = {isa = PBXFileReference; lastKnownFileType = sourcecode.swift; path = ScrollViewsTests.swift; sourceTree = "<group>"; };
/* End PBXFileReference section */

/* Begin PBXFrameworksBuildPhase section */
		592A0F8C1B87AF3F003F672D /* Frameworks */ = {
			isa = PBXFrameworksBuildPhase;
			buildActionMask = 2147483647;
			files = (
			);
			runOnlyForDeploymentPostprocessing = 0;
		};
		592A0FA11B87AF3F003F672D /* Frameworks */ = {
			isa = PBXFrameworksBuildPhase;
			buildActionMask = 2147483647;
			files = (
			);
			runOnlyForDeploymentPostprocessing = 0;
		};
/* End PBXFrameworksBuildPhase section */

/* Begin PBXGroup section */
		592A0F861B87AF3F003F672D = {
			isa = PBXGroup;
			children = (
				592A0F911B87AF3F003F672D /* ScrollViews */,
				592A0FA71B87AF3F003F672D /* ScrollViewsTests */,
				592A0F901B87AF3F003F672D /* Products */,
			);
			sourceTree = "<group>";
		};
		592A0F901B87AF3F003F672D /* Products */ = {
			isa = PBXGroup;
			children = (
				592A0F8F1B87AF3F003F672D /* ScrollViews.app */,
				592A0FA41B87AF3F003F672D /* ScrollViewsTests.xctest */,
			);
			name = Products;
			sourceTree = "<group>";
		};
		592A0F911B87AF3F003F672D /* ScrollViews */ = {
			isa = PBXGroup;
			children = (
				592A0F941B87AF3F003F672D /* AppDelegate.swift */,
				592A0F961B87AF3F003F672D /* ViewController.swift */,
				592A0F981B87AF3F003F672D /* Main.storyboard */,
				592A0F9B1B87AF3F003F672D /* Images.xcassets */,
				592A0F9D1B87AF3F003F672D /* LaunchScreen.xib */,
				592A0F921B87AF3F003F672D /* Supporting Files */,
			);
			path = ScrollViews;
			sourceTree = "<group>";
		};
		592A0F921B87AF3F003F672D /* Supporting Files */ = {
			isa = PBXGroup;
			children = (
				592A0F931B87AF3F003F672D /* Info.plist */,
			);
			name = "Supporting Files";
			sourceTree = "<group>";
		};
		592A0FA71B87AF3F003F672D /* ScrollViewsTests */ = {
			isa = PBXGroup;
			children = (
				592A0FAA1B87AF3F003F672D /* ScrollViewsTests.swift */,
				592A0FA81B87AF3F003F672D /* Supporting Files */,
			);
			path = ScrollViewsTests;
			sourceTree = "<group>";
		};
		592A0FA81B87AF3F003F672D /* Supporting Files */ = {
			isa = PBXGroup;
			children = (
				592A0FA91B87AF3F003F672D /* Info.plist */,
			);
			name = "Supporting Files";
			sourceTree = "<group>";
		};
/* End PBXGroup section */

/* Begin PBXNativeTarget section */
		592A0F8E1B87AF3F003F672D /* ScrollViews */ = {
			isa = PBXNativeTarget;
			buildConfigurationList = 592A0FAE1B87AF3F003F672D /* Build configuration list for PBXNativeTarget "ScrollViews" */;
			buildPhases = (
				592A0F8B1B87AF3F003F672D /* Sources */,
				592A0F8C1B87AF3F003F672D /* Frameworks */,
				592A0F8D1B87AF3F003F672D /* Resources */,
			);
			buildRules = (
			);
			dependencies = (
			);
			name = ScrollViews;
			productName = ScrollViews;
			productReference = 592A0F8F1B87AF3F003F672D /* ScrollViews.app */;
			productType = "com.apple.product-type.application";
		};
		592A0FA31B87AF3F003F672D /* ScrollViewsTests */ = {
			isa = PBXNativeTarget;
			buildConfigurationList = 592A0FB11B87AF3F003F672D /* Build configuration list for PBXNativeTarget "ScrollViewsTests" */;
			buildPhases = (
				592A0FA01B87AF3F003F672D /* Sources */,
				592A0FA11B87AF3F003F672D /* Frameworks */,
				592A0FA21B87AF3F003F672D /* Resources */,
			);
			buildRules = (
			);
			dependencies = (
				592A0FA61B87AF3F003F672D /* PBXTargetDependency */,
			);
			name = ScrollViewsTests;
			productName = ScrollViewsTests;
			productReference = 592A0FA41B87AF3F003F672D /* ScrollViewsTests.xctest */;
			productType = "com.apple.product-type.bundle.unit-test";
		};
/* End PBXNativeTarget section */

/* Begin PBXProject section */
		592A0F871B87AF3F003F672D /* Project object */ = {
			isa = PBXProject;
			attributes = {
				LastUpgradeCheck = 0610;
				ORGANIZATIONNAME = "Brijrajsinh Gohil";
				TargetAttributes = {
					592A0F8E1B87AF3F003F672D = {
						CreatedOnToolsVersion = 6.1;
					};
					592A0FA31B87AF3F003F672D = {
						CreatedOnToolsVersion = 6.1;
						TestTargetID = 592A0F8E1B87AF3F003F672D;
					};
				};
			};
			buildConfigurationList = 592A0F8A1B87AF3F003F672D /* Build configuration list for PBXProject "ScrollViews" */;
			compatibilityVersion = "Xcode 3.2";
			developmentRegion = English;
			hasScannedForEncodings = 0;
			knownRegions = (
				en,
				Base,
			);
			mainGroup = 592A0F861B87AF3F003F672D;
			productRefGroup = 592A0F901B87AF3F003F672D /* Products */;
			projectDirPath = "";
			projectRoot = "";
			targets = (
				592A0F8E1B87AF3F003F672D /* ScrollViews */,
				592A0FA31B87AF3F003F672D /* ScrollViewsTests */,
			);
		};
/* End PBXProject section */

/* Begin PBXResourcesBuildPhase section */
		592A0F8D1B87AF3F003F672D /* Resources */ = {
			isa = PBXResourcesBuildPhase;
			buildActionMask = 2147483647;
			files = (
				592A0F9A1B87AF3F003F672D /* Main.storyboard in Resources */,
				592A0F9F1B87AF3F003F672D /* LaunchScreen.xib in Resources */,
				592A0F9C1B87AF3F003F672D /* Images.xcassets in Resources */,
			);
			runOnlyForDeploymentPostprocessing = 0;
		};
		592A0FA21B87AF3F003F672D /* Resources */ = {
			isa = PBXResourcesBuildPhase;
			buildActionMask = 2147483647;
			files = (
			);
			runOnlyForDeploymentPostprocessing = 0;
		};
/* End PBXResourcesBuildPhase section */

/* Begin PBXSourcesBuildPhase section */
		592A0F8B1B87AF3F003F672D /* Sources */ = {
			isa = PBXSourcesBuildPhase;
			buildActionMask = 2147483647;
			files = (
				592A0F971B87AF3F003F672D /* ViewController.swift in Sources */,
				592A0F951B87AF3F003F672D /* AppDelegate.swift in Sources */,
			);
			runOnlyForDeploymentPostprocessing = 0;
		};
		592A0FA01B87AF3F003F672D /* Sources */ = {
			isa = PBXSourcesBuildPhase;
			buildActionMask = 2147483647;
			files = (
				592A0FAB1B87AF3F003F672D /* ScrollViewsTests.swift in Sources */,
			);
			runOnlyForDeploymentPostprocessing = 0;
		};
/* End PBXSourcesBuildPhase section */

/* Begin PBXTargetDependency section */
		592A0FA61B87AF3F003F672D /* PBXTargetDependency */ = {
			isa = PBXTargetDependency;
			target = 592A0F8E1B87AF3F003F672D /* ScrollViews */;
			targetProxy = 592A0FA51B87AF3F003F672D /* PBXContainerItemProxy */;
		};
/* End PBXTargetDependency section */

/* Begin PBXVariantGroup section */
		592A0F981B87AF3F003F672D /* Main.storyboard */ = {
			isa = PBXVariantGroup;
			children = (
				592A0F991B87AF3F003F672D /* Base */,
			);
			name = Main.storyboard;
			sourceTree = "<group>";
		};
		592A0F9D1B87AF3F003F672D /* LaunchScreen.xib */ = {
			isa = PBXVariantGroup;
			children = (
				592A0F9E1B87AF3F003F672D /* Base */,
			);
			name = LaunchScreen.xib;
			sourceTree = "<group>";
		};
/* End PBXVariantGroup section */

/* Begin XCBuildConfiguration section */
		592A0FAC1B87AF3F003F672D /* Debug */ = {
			isa = XCBuildConfiguration;
			buildSettings = {
				ALWAYS_SEARCH_USER_PATHS = NO;
				CLANG_CXX_LANGUAGE_STANDARD = "gnu++0x";
				CLANG_CXX_LIBRARY = "libc++";
				CLANG_ENABLE_MODULES = YES;
				CLANG_ENABLE_OBJC_ARC = YES;
				CLANG_WARN_BOOL_CONVERSION = YES;
				CLANG_WARN_CONSTANT_CONVERSION = YES;
				CLANG_WARN_DIRECT_OBJC_ISA_USAGE = YES_ERROR;
				CLANG_WARN_EMPTY_BODY = YES;
				CLANG_WARN_ENUM_CONVERSION = YES;
				CLANG_WARN_INT_CONVERSION = YES;
				CLANG_WARN_OBJC_ROOT_CLASS = YES_ERROR;
				CLANG_WARN_UNREACHABLE_CODE = YES;
				CLANG_WARN__DUPLICATE_METHOD_MATCH = YES;
				"CODE_SIGN_IDENTITY[sdk=iphoneos*]" = "iPhone Developer";
				COPY_PHASE_STRIP = NO;
				ENABLE_STRICT_OBJC_MSGSEND = YES;
				GCC_C_LANGUAGE_STANDARD = gnu99;
				GCC_DYNAMIC_NO_PIC = NO;
				GCC_OPTIMIZATION_LEVEL = 0;
				GCC_PREPROCESSOR_DEFINITIONS = (
					"DEBUG=1",
					"$(inherited)",
				);
				GCC_SYMBOLS_PRIVATE_EXTERN = NO;
				GCC_WARN_64_TO_32_BIT_CONVERSION = YES;
				GCC_WARN_ABOUT_RETURN_TYPE = YES_ERROR;
				GCC_WARN_UNDECLARED_SELECTOR = YES;
				GCC_WARN_UNINITIALIZED_AUTOS = YES_AGGRESSIVE;
				GCC_WARN_UNUSED_FUNCTION = YES;
				GCC_WARN_UNUSED_VARIABLE = YES;
				IPHONEOS_DEPLOYMENT_TARGET = 8.1;
				MTL_ENABLE_DEBUG_INFO = YES;
				ONLY_ACTIVE_ARCH = YES;
				SDKROOT = iphoneos;
				SWIFT_OPTIMIZATION_LEVEL = "-Onone";
			};
			name = Debug;
		};
		592A0FAD1B87AF3F003F672D /* Release */ = {
			isa = XCBuildConfiguration;
			buildSettings = {
				ALWAYS_SEARCH_USER_PATHS = NO;
				CLANG_CXX_LANGUAGE_STANDARD = "gnu++0x";
				CLANG_CXX_LIBRARY = "libc++";
				CLANG_ENABLE_MODULES = YES;
				CLANG_ENABLE_OBJC_ARC = YES;
				CLANG_WARN_BOOL_CONVERSION = YES;
				CLANG_WARN_CONSTANT_CONVERSION = YES;
				CLANG_WARN_DIRECT_OBJC_ISA_USAGE = YES_ERROR;
				CLANG_WARN_EMPTY_BODY = YES;
				CLANG_WARN_ENUM_CONVERSION = YES;
				CLANG_WARN_INT_CONVERSION = YES;
				CLANG_WARN_OBJC_ROOT_CLASS = YES_ERROR;
				CLANG_WARN_UNREACHABLE_CODE = YES;
				CLANG_WARN__DUPLICATE_METHOD_MATCH = YES;
				"CODE_SIGN_IDENTITY[sdk=iphoneos*]" = "iPhone Developer";
				COPY_PHASE_STRIP = YES;
				ENABLE_NS_ASSERTIONS = NO;
				ENABLE_STRICT_OBJC_MSGSEND = YES;
				GCC_C_LANGUAGE_STANDARD = gnu99;
				GCC_WARN_64_TO_32_BIT_CONVERSION = YES;
				GCC_WARN_ABOUT_RETURN_TYPE = YES_ERROR;
				GCC_WARN_UNDECLARED_SELECTOR = YES;
				GCC_WARN_UNINITIALIZED_AUTOS = YES_AGGRESSIVE;
				GCC_WARN_UNUSED_FUNCTION = YES;
				GCC_WARN_UNUSED_VARIABLE = YES;
				IPHONEOS_DEPLOYMENT_TARGET = 8.1;
				MTL_ENABLE_DEBUG_INFO = NO;
				SDKROOT = iphoneos;
				VALIDATE_PRODUCT = YES;
			};
			name = Release;
		};
		592A0FAF1B87AF3F003F672D /* Debug */ = {
			isa = XCBuildConfiguration;
			buildSettings = {
				ASSETCATALOG_COMPILER_APPICON_NAME = AppIcon;
				INFOPLIST_FILE = ScrollViews/Info.plist;
				LD_RUNPATH_SEARCH_PATHS = "$(inherited) @executable_path/Frameworks";
				PRODUCT_NAME = "$(TARGET_NAME)";
			};
			name = Debug;
		};
		592A0FB01B87AF3F003F672D /* Release */ = {
			isa = XCBuildConfiguration;
			buildSettings = {
				ASSETCATALOG_COMPILER_APPICON_NAME = AppIcon;
				INFOPLIST_FILE = ScrollViews/Info.plist;
				LD_RUNPATH_SEARCH_PATHS = "$(inherited) @executable_path/Frameworks";
				PRODUCT_NAME = "$(TARGET_NAME)";
			};
			name = Release;
		};
		592A0FB21B87AF3F003F672D /* Debug */ = {
			isa = XCBuildConfiguration;
			buildSettings = {
				BUNDLE_LOADER = "$(TEST_HOST)";
				FRAMEWORK_SEARCH_PATHS = (
					"$(SDKROOT)/Developer/Library/Frameworks",
					"$(inherited)",
				);
				GCC_PREPROCESSOR_DEFINITIONS = (
					"DEBUG=1",
					"$(inherited)",
				);
				INFOPLIST_FILE = ScrollViewsTests/Info.plist;
				LD_RUNPATH_SEARCH_PATHS = "$(inherited) @executable_path/Frameworks @loader_path/Frameworks";
				PRODUCT_NAME = "$(TARGET_NAME)";
				TEST_HOST = "$(BUILT_PRODUCTS_DIR)/ScrollViews.app/ScrollViews";
			};
			name = Debug;
		};
		592A0FB31B87AF3F003F672D /* Release */ = {
			isa = XCBuildConfiguration;
			buildSettings = {
				BUNDLE_LOADER = "$(TEST_HOST)";
				FRAMEWORK_SEARCH_PATHS = (
					"$(SDKROOT)/Developer/Library/Frameworks",
					"$(inherited)",
				);
				INFOPLIST_FILE = ScrollViewsTests/Info.plist;
				LD_RUNPATH_SEARCH_PATHS = "$(inherited) @executable_path/Frameworks @loader_path/Frameworks";
				PRODUCT_NAME = "$(TARGET_NAME)";
				TEST_HOST = "$(BUILT_PRODUCTS_DIR)/ScrollViews.app/ScrollViews";
			};
			name = Release;
		};
/* End XCBuildConfiguration section */

/* Begin XCConfigurationList section */
		592A0F8A1B87AF3F003F672D /* Build configuration list for PBXProject "ScrollViews" */ = {
			isa = XCConfigurationList;
			buildConfigurations = (
				592A0FAC1B87AF3F003F672D /* Debug */,
				592A0FAD1B87AF3F003F672D /* Release */,
			);
			defaultConfigurationIsVisible = 0;
			defaultConfigurationName = Release;
		};
		592A0FAE1B87AF3F003F672D /* Build configuration list for PBXNativeTarget "ScrollViews" */ = {
			isa = XCConfigurationList;
			buildConfigurations = (
				592A0FAF1B87AF3F003F672D /* Debug */,
				592A0FB01B87AF3F003F672D /* Release */,
			);
			defaultConfigurationIsVisible = 0;
		};
		592A0FB11B87AF3F003F672D /* Build configuration list for PBXNativeTarget "ScrollViewsTests" */ = {
			isa = XCConfigurationList;
			buildConfigurations = (
				592A0FB21B87AF3F003F672D /* Debug */,
				592A0FB31B87AF3F003F672D /* Release */,
			);
			defaultConfigurationIsVisible = 0;
		};
/* End XCConfigurationList section */
	};
	rootObject = 592A0F871B87AF3F003F672D /* Project object */;
}
